{
  "version": "0.0.0",
  "lockfileVersion": 1,
  "requires": true,
  "dependencies": {
    "@types/estree": {
      "version": "0.0.42",
      "resolved": "https://registry.npmjs.org/@types/estree/-/estree-0.0.42.tgz",
      "integrity": "sha512-K1DPVvnBCPxzD+G51/cxVIoc2X8uUVl1zpJeE6iKcgHMj4+tbat5Xu4TjV7v2QSDbIeAfLi2hIk+u2+s0MlpUQ==",
      "dev": true
    },
    "@types/node": {
      "version": "13.7.1",
      "resolved": "https://registry.npmjs.org/@types/node/-/node-13.7.1.tgz",
      "integrity": "sha512-Zq8gcQGmn4txQEJeiXo/KiLpon8TzAl0kmKH4zdWctPj05nWwp1ClMdAVEloqrQKfaC48PNLdgN/aVaLqUrluA==",
      "dev": true
    },
    "acorn": {
      "version": "7.1.0",
      "resolved": "https://registry.npmjs.org/acorn/-/acorn-7.1.0.tgz",
      "integrity": "sha512-kL5CuoXA/dgxlBbVrflsflzQ3PAas7RYZB52NOm/6839iVYJgKMJ3cQJD+t2i5+qFa8h3MDpEOJiS64E8JLnSQ==",
      "dev": true
    },
    "cbor-codec": {
      "version": "0.1.2",
      "resolved": "https://registry.npmjs.org/cbor-codec/-/cbor-codec-0.1.2.tgz",
      "integrity": "sha512-zUI9+9iRveNzlI1SeouLYfTbxOF21CmcFku+++RghuZMOVZrOito7NfegF+V2Fk+Z1k+qg0vBJL+tQBehaYMPw==",
      "dev": true
    },
    "rollup": {
      "version": "1.31.1",
      "resolved": "https://registry.npmjs.org/rollup/-/rollup-1.31.1.tgz",
      "integrity": "sha512-2JREN1YdrS/kpPzEd33ZjtuNbOuBC3ePfuZBdKEybvqcEcszW1ckyVqzcEiEe0nE8sqHK+pbJg+PsAgRJ8+1dg==",
      "dev": true,
      "requires": {
        "@types/estree": "*",
        "@types/node": "*",
        "acorn": "^7.1.0"
      }
    },
    "rollup-plugin-jsy-lite": {
      "version": "1.5.1",
      "resolved": "https://registry.npmjs.org/rollup-plugin-jsy-lite/-/rollup-plugin-jsy-lite-1.5.1.tgz",
      "integrity": "sha512-mzkKULRN2Lm30oEAyQ9vijsagKt/bD7rl8dWk0nlNx7x9qHWsI+4WWE0GIMZjklR/wnecgNjQJwP7IGvQCjnPQ==",
      "dev": true,
      "requires": {
        "source-map": "^0.7.3"
      }
    },
    "source-map": {
      "version": "0.7.3",
      "resolved": "https://registry.npmjs.org/source-map/-/source-map-0.7.3.tgz",
      "integrity": "sha512-CkCj6giN3S+n9qrYiBTX5gystlENnRW5jZeNLHpe6aue+SrHcG5VYwujhW9s4dY31mEGsxBDrHR6oI69fTXsaQ==",
      "dev": true
    },
    "u8-utils": {
      "version": "0.3.0",
      "resolved": "https://registry.npmjs.org/u8-utils/-/u8-utils-0.3.0.tgz",
      "integrity": "sha512-vQMT5/PDoG7hN+ND+vO9cQAMaf+AYK+vrroVvJhxnfjGp/FjbNzzbOZmSt6JzUsSSLeZX6vCWDCnXi7/bksgEQ==",
      "dev": true
    }
  }
}
